<?xml version="1.0" encoding="utf-8"?>
<Project ToolsVersion="4.0" xmlns="http://schemas.microsoft.com/developer/msbuild/2003">
  <ItemGroup>
    <Filter Include="Source Files">
      <UniqueIdentifier>{4FC737F1-C7A5-4376-A066-2A32D752A2FF}</UniqueIdentifier>
      <Extensions>cpp;cxx;c;def</Extensions>
    </Filter>
    <Filter Include="Header Files">
      <UniqueIdentifier>{93995380-89BD-4b04-88EB-625FBE52EBFB}</UniqueIdentifier>
      <Extensions>h</Extensions>
    </Filter>
    <Filter Include="Form Files">
      <UniqueIdentifier>{99349809-55BA-4b9d-BF79-8FDBB0286EB3}</UniqueIdentifier>
      <Extensions>ui</Extensions>
    </Filter>
    <Filter Include="Resource Files">
      <UniqueIdentifier>{D9D6E242-F8AF-46E4-B9FD-80ECBC20BA3E}</UniqueIdentifier>
      <Extensions>qrc;*</Extensions>
      <ParseFiles>false</ParseFiles>
    </Filter>
    <Filter Include="Generated Files">
      <UniqueIdentifier>{71ED8ED8-ACB9-4CE9-BBE1-E00B30144E11}</UniqueIdentifier>
      <Extensions>moc;h;cpp</Extensions>
      <SourceControlFiles>False</SourceControlFiles>
    </Filter>
    <Filter Include="Generated Files\Debug">
      <UniqueIdentifier>{2461c43c-579a-4aa3-94bf-88a649774175}</UniqueIdentifier>
      <Extensions>cpp;moc</Extensions>
      <SourceControlFiles>False</SourceControlFiles>
    </Filter>
    <Filter Include="Generated Files\Release">
      <UniqueIdentifier>{4a43d73a-7d7a-4050-b4da-c49c474a3bcc}</UniqueIdentifier>
      <Extensions>cpp;moc</Extensions>
      <SourceControlFiles>False</SourceControlFiles>
    </Filter>
    <Filter Include="Header Files\include">
      <UniqueIdentifier>{ae28c2b3-9fa1-4c03-b3a1-5049fdbde4db}</UniqueIdentifier>
    </Filter>
    <Filter Include="Header Files\include\teamspeak">
      <UniqueIdentifier>{22867a9e-d38a-44a6-a9be-f94705fe0786}</UniqueIdentifier>
    </Filter>
    <Filter Include="Header Files\include\teamlog">
      <UniqueIdentifier>{b8d62ecf-7298-4f5d-9a0e-6b4ec07dee84}</UniqueIdentifier>
    </Filter>
  </ItemGroup>
  <ItemGroup>
    <ClCompile Include="src\filters.cpp">
      <Filter>Source Files</Filter>
    </ClCompile>
    <ClCompile Include="src\nyushitsu.c">
      <Filter>Source Files</Filter>
    </ClCompile>
    <ClCompile Include="src\plugin.c">
      <Filter>Source Files</Filter>
    </ClCompile>
    <ClCompile Include="src\ui\settingsdialog.cpp">
      <Filter>Source Files</Filter>
    </ClCompile>
    <ClCompile Include="src\storage.c">
      <Filter>Source Files</Filter>
    </ClCompile>
    <ClCompile Include="src\utils.c">
      <Filter>Source Files</Filter>
    </ClCompile>
    <ClCompile Include="src\uiadapter.cpp">
      <Filter>Source Files</Filter>
    </ClCompile>
    <ClCompile Include="GeneratedFiles\Debug\moc_settingsdialog.cpp">
      <Filter>Generated Files\Debug</Filter>
    </ClCompile>
    <ClCompile Include="GeneratedFiles\Release\moc_settingsdialog.cpp">
      <Filter>Generated Files\Release</Filter>
    </ClCompile>
    <ClCompile Include="src\bouyomi.c">
      <Filter>Source Files</Filter>
    </ClCompile>
  </ItemGroup>
  <ItemGroup>
    <CustomBuild Include="src\ui\settingsdialog.ui">
      <Filter>Form Files</Filter>
    </CustomBuild>
    <CustomBuild Include="src\ui\settingsdialog.h">
      <Filter>Header Files</Filter>
    </CustomBuild>
  </ItemGroup>
  <ItemGroup>
    <ClInclude Include="GeneratedFiles\ui_settingsdialog.h">
      <Filter>Generated Files</Filter>
    </ClInclude>
    <ClInclude Include="src\filters.h">
      <Filter>Header Files</Filter>
    </ClInclude>
    <ClInclude Include="src\nyushitsu.h">
      <Filter>Header Files</Filter>
    </ClInclude>
    <ClInclude Include="src\plugin.h">
      <Filter>Header Files</Filter>
    </ClInclude>
    <ClInclude Include="src\storage.h">
      <Filter>Header Files</Filter>
    </ClInclude>
    <ClInclude Include="src\uiadapter.h">
      <Filter>Header Files</Filter>
    </ClInclude>
    <ClInclude Include="src\bouyomi.h">
      <Filter>Header Files</Filter>
    </ClInclude>
    <ClInclude Include="..\include\plugin_definitions.h">
      <Filter>Header Files\include</Filter>
    </ClInclude>
    <ClInclude Include="..\include\ts3_functions.h">
      <Filter>Header Files\include</Filter>
    </ClInclude>
    <ClInclude Include="..\include\teamspeak\clientlib_publicdefinitions.h">
      <Filter>Header Files\include\teamspeak</Filter>
    </ClInclude>
    <ClInclude Include="..\include\teamspeak\public_definitions.h">
      <Filter>Header Files\include\teamspeak</Filter>
    </ClInclude>
    <ClInclude Include="..\include\teamspeak\public_errors.h">
      <Filter>Header Files\include\teamspeak</Filter>
    </ClInclude>
    <ClInclude Include="..\include\teamspeak\public_errors_rare.h">
      <Filter>Header Files\include\teamspeak</Filter>
    </ClInclude>
    <ClInclude Include="..\include\teamspeak\public_rare_definitions.h">
      <Filter>Header Files\include\teamspeak</Filter>
    </ClInclude>
    <ClInclude Include="..\include\teamlog\logtypes.h">
      <Filter>Header Files\include\teamlog</Filter>
    </ClInclude>
  </ItemGroup>
</Project>